<?xml version="1.0" encoding="utf-8"?>
<Project ToolsVersion="4.0" xmlns="http://schemas.microsoft.com/developer/msbuild/2003">
  <ItemGroup>
    <ClCompile Include="src\main.cpp" />
    <ClCompile Include="src\game_elements\player.cpp">
      <Filter>game_elements</Filter>
    </ClCompile>
    <ClCompile Include="src\game_manager\game.cpp">
      <Filter>game_manager</Filter>
    </ClCompile>
    <ClCompile Include="src\game_elements\obstacles.cpp">
      <Filter>game_elements</Filter>
    </ClCompile>
    <ClCompile Include="src\game_elements\enemies.cpp">
      <Filter>game_elements</Filter>
    </ClCompile>
    <ClCompile Include="src\game_elements\powerup.cpp">
      <Filter>game_elements</Filter>
    </ClCompile>
    <ClCompile Include="src\screen_manager\menu.cpp">
      <Filter>screen_manager</Filter>
    </ClCompile>
  </ItemGroup>
  <ItemGroup>
    <Filter Include="game_manager">
      <UniqueIdentifier>{f79f7b65-370b-4867-aae7-0a834ff44312}</UniqueIdentifier>
    </Filter>
    <Filter Include="game_elements">
      <UniqueIdentifier>{5832225c-441c-4ea2-96f1-ba8bf3b59a64}</UniqueIdentifier>
    </Filter>
    <Filter Include="screen_manager">
      <UniqueIdentifier>{7982ff3e-1fe4-4c58-8c2f-420490fd9e9d}</UniqueIdentifier>
    </Filter>
  </ItemGroup>
  <ItemGroup>
    <ClInclude Include="src\game_elements\player.h">
      <Filter>game_elements</Filter>
    </ClInclude>
    <ClInclude Include="src\game_manager\game.h">
      <Filter>game_manager</Filter>
    </ClInclude>
    <ClInclude Include="src\game_elements\obstacles.h">
      <Filter>game_elements</Filter>
    </ClInclude>
    <ClInclude Include="src\game_elements\enemies.h">
      <Filter>game_elements</Filter>
    </ClInclude>
    <ClInclude Include="src\game_elements\powerup.h">
      <Filter>game_elements</Filter>
    </ClInclude>
    <ClInclude Include="src\screen_manager\menu.h">
      <Filter>screen_manager</Filter>
    </ClInclude>
  </ItemGroup>
</Project>